{
  "version": 4,
  "terraform_version": "1.6.4",
  "serial": 13,
  "lineage": "28ae60e7-c3d0-66c1-d775-30d899ad05fe",
  "outputs": {},
  "resources": [
    {
      "mode": "managed",
      "type": "local_file",
      "name": "pets",
      "provider": "provider[\"registry.terraform.io/hashicorp/local\"]",
      "instances": [
        {
          "schema_version": 0,
          "attributes": {
            "content": "I love pets especially Horsy",
            "content_base64": null,
            "content_base64sha256": "aI4+xOCYCnwKHv2fCuYZj1yMMRLBy/2EMnpIIdFmXOk=",
            "content_base64sha512": "36txlNKKN+jVZyLnIQ8gtKHwirQNvO6mC+Nt2AZe9/fxf0JXu9kunKQd51VCzDAUvJ543Cc4niDqwzdESVin4Q==",
            "content_md5": "e82df67aadb820c944f8a8ccba12f0a9",
            "content_sha1": "eba5e2f4611a8bb699fb60771a2f6c177039372c",
            "content_sha256": "688e3ec4e0980a7c0a1efd9f0ae6198f5c8c3112c1cbfd84327a4821d1665ce9",
            "content_sha512": "dfab7194d28a37e8d56722e7210f20b4a1f08ab40dbceea60be36dd8065ef7f7f17f4257bbd92e9ca41de75542cc3014bc9e78dc27389e20eac337444958a7e1",
            "directory_permission": "0777",
            "file_permission": "0777",
            "filename": "pets.txt",
            "id": "eba5e2f4611a8bb699fb60771a2f6c177039372c",
            "sensitive_content": null,
            "source": null
          },
          "sensitive_attributes": []
        }
      ]
    },
    {
      "mode": "managed",
      "type": "random_pet",
      "name": "mypet",
      "provider": "provider[\"registry.terraform.io/hashicorp/random\"]",
      "instances": [
        {
          "schema_version": 0,
          "attributes": {
            "id": "MR.aardvark",
            "keepers": null,
            "length": 1,
            "prefix": "MR",
            "separator": "."
          },
          "sensitive_attributes": []
        }
      ]
    }
  ],
  "check_results": null
}
